// !$*UTF8*$!
{
	archiveVersion = 1;
	classes = {
	};
	objectVersion = 50;
	objects = {

/* Begin PBXBuildFile section */
		3C1E7986236925C30002AADF /* AppDelegate.swift in Sources */ = {isa = PBXBuildFile; fileRef = 3C1E7985236925C30002AADF /* AppDelegate.swift */; };
		3C1E798B236925C30002AADF /* Main.storyboard in Resources */ = {isa = PBXBuildFile; fileRef = 3C1E7989236925C30002AADF /* Main.storyboard */; };
		3C1E798D236925C40002AADF /* Assets.xcassets in Resources */ = {isa = PBXBuildFile; fileRef = 3C1E798C236925C40002AADF /* Assets.xcassets */; };
		3C1E7990236925C40002AADF /* LaunchScreen.storyboard in Resources */ = {isa = PBXBuildFile; fileRef = 3C1E798E236925C40002AADF /* LaunchScreen.storyboard */; };
		3C75138323709F3500299C85 /* SubjectPageTableViewController.swift in Sources */ = {isa = PBXBuildFile; fileRef = 3C75138223709F3500299C85 /* SubjectPageTableViewController.swift */; };
		3C751385237104F300299C85 /* Class.swift in Sources */ = {isa = PBXBuildFile; fileRef = 3C751384237104F300299C85 /* Class.swift */; };
		3C75138A237105AC00299C85 /* Task.swift in Sources */ = {isa = PBXBuildFile; fileRef = 3C751389237105AC00299C85 /* Task.swift */; };
/* End PBXBuildFile section */

/* Begin PBXFileReference section */
		3C1E7982236925C30002AADF /* StudentTaskManager.app */ = {isa = PBXFileReference; explicitFileType = wrapper.application; includeInIndex = 0; path = StudentTaskManager.app; sourceTree = BUILT_PRODUCTS_DIR; };
		3C1E7985236925C30002AADF /* AppDelegate.swift */ = {isa = PBXFileReference; lastKnownFileType = sourcecode.swift; path = AppDelegate.swift; sourceTree = "<group>"; };
		3C1E798A236925C30002AADF /* Base */ = {isa = PBXFileReference; lastKnownFileType = file.storyboard; name = Base; path = Base.lproj/Main.storyboard; sourceTree = "<group>"; };
		3C1E798C236925C40002AADF /* Assets.xcassets */ = {isa = PBXFileReference; lastKnownFileType = folder.assetcatalog; path = Assets.xcassets; sourceTree = "<group>"; };
		3C1E798F236925C40002AADF /* Base */ = {isa = PBXFileReference; lastKnownFileType = file.storyboard; name = Base; path = Base.lproj/LaunchScreen.storyboard; sourceTree = "<group>"; };
		3C1E7991236925C40002AADF /* Info.plist */ = {isa = PBXFileReference; lastKnownFileType = text.plist.xml; path = Info.plist; sourceTree = "<group>"; };
		3C75138223709F3500299C85 /* SubjectPageTableViewController.swift */ = {isa = PBXFileReference; lastKnownFileType = sourcecode.swift; path = SubjectPageTableViewController.swift; sourceTree = "<group>"; };
		3C751384237104F300299C85 /* Class.swift */ = {isa = PBXFileReference; lastKnownFileType = sourcecode.swift; path = Class.swift; sourceTree = "<group>"; };
		3C751389237105AC00299C85 /* Task.swift */ = {isa = PBXFileReference; lastKnownFileType = sourcecode.swift; path = Task.swift; sourceTree = "<group>"; };
/* End PBXFileReference section */

/* Begin PBXFrameworksBuildPhase section */
		3C1E797F236925C30002AADF /* Frameworks */ = {
			isa = PBXFrameworksBuildPhase;
			buildActionMask = 2147483647;
			files = (
			);
			runOnlyForDeploymentPostprocessing = 0;
		};
/* End PBXFrameworksBuildPhase section */

/* Begin PBXGroup section */
		3C1E7979236925C30002AADF = {
			isa = PBXGroup;
			children = (
				3C1E7984236925C30002AADF /* StudentTaskManager */,
				3C1E7983236925C30002AADF /* Products */,
			);
			sourceTree = "<group>";
		};
		3C1E7983236925C30002AADF /* Products */ = {
			isa = PBXGroup;
			children = (
				3C1E7982236925C30002AADF /* StudentTaskManager.app */,
			);
			name = Products;
			sourceTree = "<group>";
		};
		3C1E7984236925C30002AADF /* StudentTaskManager */ = {
			isa = PBXGroup;
			children = (
				3C751386237104F800299C85 /* Models */,
				3C7513882371052C00299C85 /* Views */,
				3C7513872371050B00299C85 /* Controllers */,
				3C1E7985236925C30002AADF /* AppDelegate.swift */,
				3C1E798C236925C40002AADF /* Assets.xcassets */,
				3C1E7991236925C40002AADF /* Info.plist */,
			);
			path = StudentTaskManager;
			sourceTree = "<group>";
		};
		3C751386237104F800299C85 /* Models */ = {
			isa = PBXGroup;
			children = (
				3C751384237104F300299C85 /* Class.swift */,
				3C751389237105AC00299C85 /* Task.swift */,
			);
			path = Models;
			sourceTree = "<group>";
		};
		3C7513872371050B00299C85 /* Controllers */ = {
			isa = PBXGroup;
			children = (
				3C75138223709F3500299C85 /* SubjectPageTableViewController.swift */,
			);
			path = Controllers;
			sourceTree = "<group>";
		};
		3C7513882371052C00299C85 /* Views */ = {
			isa = PBXGroup;
			children = (
				3C1E7989236925C30002AADF /* Main.storyboard */,
				3C1E798E236925C40002AADF /* LaunchScreen.storyboard */,
			);
			path = Views;
			sourceTree = "<group>";
		};
/* End PBXGroup section */

/* Begin PBXNativeTarget section */
		3C1E7981236925C30002AADF /* StudentTaskManager */ = {
			isa = PBXNativeTarget;
			buildConfigurationList = 3C1E7994236925C40002AADF /* Build configuration list for PBXNativeTarget "StudentTaskManager" */;
			buildPhases = (
				3C1E797E236925C30002AADF /* Sources */,
				3C1E797F236925C30002AADF /* Frameworks */,
				3C1E7980236925C30002AADF /* Resources */,
			);
			buildRules = (
			);
			dependencies = (
			);
			name = StudentTaskManager;
			productName = StudentTaskManager;
			productReference = 3C1E7982236925C30002AADF /* StudentTaskManager.app */;
			productType = "com.apple.product-type.application";
		};
/* End PBXNativeTarget section */

/* Begin PBXProject section */
		3C1E797A236925C30002AADF /* Project object */ = {
			isa = PBXProject;
			attributes = {
				LastSwiftUpdateCheck = 1030;
				LastUpgradeCheck = 1030;
				ORGANIZATIONNAME = "Jeewoo Chung";
				TargetAttributes = {
					3C1E7981236925C30002AADF = {
						CreatedOnToolsVersion = 10.3;
					};
				};
			};
			buildConfigurationList = 3C1E797D236925C30002AADF /* Build configuration list for PBXProject "StudentTaskManager" */;
			compatibilityVersion = "Xcode 9.3";
			developmentRegion = en;
			hasScannedForEncodings = 0;
			knownRegions = (
				en,
				Base,
			);
			mainGroup = 3C1E7979236925C30002AADF;
			productRefGroup = 3C1E7983236925C30002AADF /* Products */;
			projectDirPath = "";
			projectRoot = "";
			targets = (
				3C1E7981236925C30002AADF /* StudentTaskManager */,
			);
		};
/* End PBXProject section */

/* Begin PBXResourcesBuildPhase section */
		3C1E7980236925C30002AADF /* Resources */ = {
			isa = PBXResourcesBuildPhase;
			buildActionMask = 2147483647;
			files = (
				3C1E7990236925C40002AADF /* LaunchScreen.storyboard in Resources */,
				3C1E798D236925C40002AADF /* Assets.xcassets in Resources */,
				3C1E798B236925C30002AADF /* Main.storyboard in Resources */,
			);
			runOnlyForDeploymentPostprocessing = 0;
		};
/* End PBXResourcesBuildPhase section */

/* Begin PBXSourcesBuildPhase section */
		3C1E797E236925C30002AADF /* Sources */ = {
			isa = PBXSourcesBuildPhase;
			buildActionMask = 2147483647;
			files = (
				3C75138A237105AC00299C85 /* Task.swift in Sources */,
				3C751385237104F300299C85 /* Class.swift in Sources */,
				3C1E7986236925C30002AADF /* AppDelegate.swift in Sources */,
				3C75138323709F3500299C85 /* SubjectPageTableViewController.swift in Sources */,
			);
			runOnlyForDeploymentPostprocessing = 0;
		};
/* End PBXSourcesBuildPhase section */

/* Begin PBXVariantGroup section */
		3C1E7989236925C30002AADF /* Main.storyboard */ = {
			isa = PBXVariantGroup;
			children = (
				3C1E798A236925C30002AADF /* Base */,
			);
			name = Main.storyboard;
			sourceTree = "<group>";
		};
		3C1E798E236925C40002AADF /* LaunchScreen.storyboard */ = {
			isa = PBXVariantGroup;
			children = (
				3C1E798F236925C40002AADF /* Base */,
			);
			name = LaunchScreen.storyboard;
			sourceTree = "<group>";
		};
/* End PBXVariantGroup section */

/* Begin XCBuildConfiguration section */
		3C1E7992236925C40002AADF /* Debug */ = {
			isa = XCBuildConfiguration;
			buildSettings = {
				ALWAYS_SEARCH_USER_PATHS = NO;
				CLANG_ANALYZER_NONNULL = YES;
				CLANG_ANALYZER_NUMBER_OBJECT_CONVERSION = YES_AGGRESSIVE;
				CLANG_CXX_LANGUAGE_STANDARD = "gnu++14";
				CLANG_CXX_LIBRARY = "libc++";
				CLANG_ENABLE_MODULES = YES;
				CLANG_ENABLE_OBJC_ARC = YES;
				CLANG_ENABLE_OBJC_WEAK = YES;
				CLANG_WARN_BLOCK_CAPTURE_AUTORELEASING = YES;
				CLANG_WARN_BOOL_CONVERSION = YES;
				CLANG_WARN_COMMA = YES;
				CLANG_WARN_CONSTANT_CONVERSION = YES;
				CLANG_WARN_DEPRECATED_OBJC_IMPLEMENTATIONS = YES;
				CLANG_WARN_DIRECT_OBJC_ISA_USAGE = YES_ERROR;
				CLANG_WARN_DOCUMENTATION_COMMENTS = YES;
				CLANG_WARN_EMPTY_BODY = YES;
				CLANG_WARN_ENUM_CONVERSION = YES;
				CLANG_WARN_INFINITE_RECURSION = YES;
				CLANG_WARN_INT_CONVERSION = YES;
				CLANG_WARN_NON_LITERAL_NULL_CONVERSION = YES;
				CLANG_WARN_OBJC_IMPLICIT_RETAIN_SELF = YES;
				CLANG_WARN_OBJC_LITERAL_CONVERSION = YES;
				CLANG_WARN_OBJC_ROOT_CLASS = YES_ERROR;
				CLANG_WARN_RANGE_LOOP_ANALYSIS = YES;
				CLANG_WARN_STRICT_PROTOTYPES = YES;
				CLANG_WARN_SUSPICIOUS_MOVE = YES;
				CLANG_WARN_UNGUARDED_AVAILABILITY = YES_AGGRESSIVE;
				CLANG_WARN_UNREACHABLE_CODE = YES;
				CLANG_WARN__DUPLICATE_METHOD_MATCH = YES;
				CODE_SIGN_IDENTITY = "iPhone Developer";
				COPY_PHASE_STRIP = NO;
				DEBUG_INFORMATION_FORMAT = dwarf;
				ENABLE_STRICT_OBJC_MSGSEND = YES;
				ENABLE_TESTABILITY = YES;
				GCC_C_LANGUAGE_STANDARD = gnu11;
				GCC_DYNAMIC_NO_PIC = NO;
				GCC_NO_COMMON_BLOCKS = YES;
				GCC_OPTIMIZATION_LEVEL = 0;
				GCC_PREPROCESSOR_DEFINITIONS = (
					"DEBUG=1",
					"$(inherited)",
				);
				GCC_WARN_64_TO_32_BIT_CONVERSION = YES;
				GCC_WARN_ABOUT_RETURN_TYPE = YES_ERROR;
				GCC_WARN_UNDECLARED_SELECTOR = YES;
				GCC_WARN_UNINITIALIZED_AUTOS = YES_AGGRESSIVE;
				GCC_WARN_UNUSED_FUNCTION = YES;
				GCC_WARN_UNUSED_VARIABLE = YES;
				IPHONEOS_DEPLOYMENT_TARGET = 12.4;
				MTL_ENABLE_DEBUG_INFO = INCLUDE_SOURCE;
				MTL_FAST_MATH = YES;
				ONLY_ACTIVE_ARCH = YES;
				SDKROOT = iphoneos;
				SWIFT_ACTIVE_COMPILATION_CONDITIONS = DEBUG;
				SWIFT_OPTIMIZATION_LEVEL = "-Onone";
			};
			name = Debug;
		};
		3C1E7993236925C40002AADF /* Release */ = {
			isa = XCBuildConfiguration;
			buildSettings = {
				ALWAYS_SEARCH_USER_PATHS = NO;
				CLANG_ANALYZER_NONNULL = YES;
				CLANG_ANALYZER_NUMBER_OBJECT_CONVERSION = YES_AGGRESSIVE;
				CLANG_CXX_LANGUAGE_STANDARD = "gnu++14";
				CLANG_CXX_LIBRARY = "libc++";
				CLANG_ENABLE_MODULES = YES;
				CLANG_ENABLE_OBJC_ARC = YES;
				CLANG_ENABLE_OBJC_WEAK = YES;
				CLANG_WARN_BLOCK_CAPTURE_AUTORELEASING = YES;
				CLANG_WARN_BOOL_CONVERSION = YES;
				CLANG_WARN_COMMA = YES;
				CLANG_WARN_CONSTANT_CONVERSION = YES;
				CLANG_WARN_DEPRECATED_OBJC_IMPLEMENTATIONS = YES;
				CLANG_WARN_DIRECT_OBJC_ISA_USAGE = YES_ERROR;
				CLANG_WARN_DOCUMENTATION_COMMENTS = YES;
				CLANG_WARN_EMPTY_BODY = YES;
				CLANG_WARN_ENUM_CONVERSION = YES;
				CLANG_WARN_INFINITE_RECURSION = YES;
				CLANG_WARN_INT_CONVERSION = YES;
				CLANG_WARN_NON_LITERAL_NULL_CONVERSION = YES;
				CLANG_WARN_OBJC_IMPLICIT_RETAIN_SELF = YES;
				CLANG_WARN_OBJC_LITERAL_CONVERSION = YES;
				CLANG_WARN_OBJC_ROOT_CLASS = YES_ERROR;
				CLANG_WARN_RANGE_LOOP_ANALYSIS = YES;
				CLANG_WARN_STRICT_PROTOTYPES = YES;
				CLANG_WARN_SUSPICIOUS_MOVE = YES;
				CLANG_WARN_UNGUARDED_AVAILABILITY = YES_AGGRESSIVE;
				CLANG_WARN_UNREACHABLE_CODE = YES;
				CLANG_WARN__DUPLICATE_METHOD_MATCH = YES;
				CODE_SIGN_IDENTITY = "iPhone Developer";
				COPY_PHASE_STRIP = NO;
				DEBUG_INFORMATION_FORMAT = "dwarf-with-dsym";
				ENABLE_NS_ASSERTIONS = NO;
				ENABLE_STRICT_OBJC_MSGSEND = YES;
				GCC_C_LANGUAGE_STANDARD = gnu11;
				GCC_NO_COMMON_BLOCKS = YES;
				GCC_WARN_64_TO_32_BIT_CONVERSION = YES;
				GCC_WARN_ABOUT_RETURN_TYPE = YES_ERROR;
				GCC_WARN_UNDECLARED_SELECTOR = YES;
				GCC_WARN_UNINITIALIZED_AUTOS = YES_AGGRESSIVE;
				GCC_WARN_UNUSED_FUNCTION = YES;
				GCC_WARN_UNUSED_VARIABLE = YES;
				IPHONEOS_DEPLOYMENT_TARGET = 12.4;
				MTL_ENABLE_DEBUG_INFO = NO;
				MTL_FAST_MATH = YES;
				SDKROOT = iphoneos;
				SWIFT_COMPILATION_MODE = wholemodule;
				SWIFT_OPTIMIZATION_LEVEL = "-O";
				VALIDATE_PRODUCT = YES;
			};
			name = Release;
		};
		3C1E7995236925C40002AADF /* Debug */ = {
			isa = XCBuildConfiguration;
			buildSettings = {
				ASSETCATALOG_COMPILER_APPICON_NAME = AppIcon;
				CODE_SIGN_STYLE = Automatic;
				DEVELOPMENT_TEAM = 598XNNV4WH;
				INFOPLIST_FILE = StudentTaskManager/Info.plist;
				LD_RUNPATH_SEARCH_PATHS = (
					"$(inherited)",
					"@executable_path/Frameworks",
				);
				PRODUCT_BUNDLE_IDENTIFIER = com.JeewooChung.StudentTaskManager;
				PRODUCT_NAME = "$(TARGET_NAME)";
				SWIFT_VERSION = 5.0;
				TARGETED_DEVICE_FAMILY = "1,2";
			};
			name = Debug;
		};
		3C1E7996236925C40002AADF /* Release */ = {
			isa = XCBuildConfiguration;
			buildSettings = {
				ASSETCATALOG_COMPILER_APPICON_NAME = AppIcon;
				CODE_SIGN_STYLE = Automatic;
				DEVELOPMENT_TEAM = 598XNNV4WH;
				INFOPLIST_FILE = StudentTaskManager/Info.plist;
				LD_RUNPATH_SEARCH_PATHS = (
					"$(inherited)",
					"@executable_path/Frameworks",
				);
				PRODUCT_BUNDLE_IDENTIFIER = com.JeewooChung.StudentTaskManager;
				PRODUCT_NAME = "$(TARGET_NAME)";
				SWIFT_VERSION = 5.0;
				TARGETED_DEVICE_FAMILY = "1,2";
			};
			name = Release;
		};
/* End XCBuildConfiguration section */

/* Begin XCConfigurationList section */
		3C1E797D236925C30002AADF /* Build configuration list for PBXProject "StudentTaskManager" */ = {
			isa = XCConfigurationList;
			buildConfigurations = (
				3C1E7992236925C40002AADF /* Debug */,
				3C1E7993236925C40002AADF /* Release */,
			);
			defaultConfigurationIsVisible = 0;
			defaultConfigurationName = Release;
		};
		3C1E7994236925C40002AADF /* Build configuration list for PBXNativeTarget "StudentTaskManager" */ = {
			isa = XCConfigurationList;
			buildConfigurations = (
				3C1E7995236925C40002AADF /* Debug */,
				3C1E7996236925C40002AADF /* Release */,
			);
			defaultConfigurationIsVisible = 0;
			defaultConfigurationName = Release;
		};
/* End XCConfigurationList section */
	};
	rootObject = 3C1E797A236925C30002AADF /* Project object */;
}
